
Microsoft Visual Studio Solution File, Format Version 12.00
# Visual Studio Version 16
VisualStudioVersion = 16.0.29102.190
MinimumVisualStudioVersion = 10.0.40219.1
Project("{FAE04EC0-301F-11D3-BF4B-00C04F79EFBC}") = "MTGImageFetcher", "MTGImageFetcher.csproj", "{097499E1-5996-4E09-8BD5-412CCB3F13E3}"
EndProject
Project("{FAE04EC0-301F-11D3-BF4B-00C04F79EFBC}") = "MTGImageDownloaderPluginConsole", "..\MTGImageDownloaderPluginConsole\MTGImageDownloaderPluginConsole.csproj", "{A5AFA467-92C1-480A-9AF0-9D5105164C1A}"
	ProjectSection(ProjectDependencies) = postProject
		{097499E1-5996-4E09-8BD5-412CCB3F13E3} = {097499E1-5996-4E09-8BD5-412CCB3F13E3}
	EndProjectSection
EndProject
Global
	GlobalSection(SolutionConfigurationPlatforms) = preSolution
		Debug|Any CPU = Debug|Any CPU
		Release|Any CPU = Release|Any CPU
	EndGlobalSection
	GlobalSection(ProjectConfigurationPlatforms) = postSolution
		{097499E1-5996-4E09-8BD5-412CCB3F13E3}.Debug|Any CPU.ActiveCfg = Debug|Any CPU
		{097499E1-5996-4E09-8BD5-412CCB3F13E3}.Debug|Any CPU.Build.0 = Debug|Any CPU
		{097499E1-5996-4E09-8BD5-412CCB3F13E3}.Release|Any CPU.ActiveCfg = Release|Any CPU
		{097499E1-5996-4E09-8BD5-412CCB3F13E3}.Release|Any CPU.Build.0 = Release|Any CPU
		{A5AFA467-92C1-480A-9AF0-9D5105164C1A}.Debug|Any CPU.ActiveCfg = Debug|Any CPU
		{A5AFA467-92C1-480A-9AF0-9D5105164C1A}.Debug|Any CPU.Build.0 = Debug|Any CPU
		{A5AFA467-92C1-480A-9AF0-9D5105164C1A}.Release|Any CPU.ActiveCfg = Release|Any CPU
		{A5AFA467-92C1-480A-9AF0-9D5105164C1A}.Release|Any CPU.Build.0 = Release|Any CPU
	EndGlobalSection
	GlobalSection(SolutionProperties) = preSolution
		HideSolutionNode = FALSE
	EndGlobalSection
	GlobalSection(ExtensibilityGlobals) = postSolution
		SolutionGuid = {8525D959-9BF1-401E-947E-0327D84B84BF}
	EndGlobalSection
EndGlobal
